// !$*UTF8*$!
{
	archiveVersion = 1;
	classes = {
	};
	objectVersion = 46;
	objects = {

/* Begin PBXBuildFile section */
		106CE5A0B64ACE47467EB2DE /* Pods_MorganaMusicTests.framework in Frameworks */ = {isa = PBXBuildFile; fileRef = 17C88BB35E78272643DA482B /* Pods_MorganaMusicTests.framework */; };
		2A01EBB21F7C741400EB49C1 /* MorganaMusicTests.swift in Sources */ = {isa = PBXBuildFile; fileRef = 2A01EBB11F7C741400EB49C1 /* MorganaMusicTests.swift */; };
		2A01EBC01F7C743B00EB49C1 /* MorganaMusicUITests.swift in Sources */ = {isa = PBXBuildFile; fileRef = 2A01EBBF1F7C743B00EB49C1 /* MorganaMusicUITests.swift */; };
		2A0700F71EEB178100F701EC /* OrderReceivedTableViewCell.swift in Sources */ = {isa = PBXBuildFile; fileRef = 2A0700F61EEB178100F701EC /* OrderReceivedTableViewCell.swift */; };
		2A1863AE1F5055DB00505F20 /* FirebaseData.swift in Sources */ = {isa = PBXBuildFile; fileRef = 2A1863AD1F5055DB00505F20 /* FirebaseData.swift */; };
		2A1863B01F5055EA00505F20 /* PaymentsManager.swift in Sources */ = {isa = PBXBuildFile; fileRef = 2A1863AF1F5055EA00505F20 /* PaymentsManager.swift */; };
		2A1A5EC41ECCAD4500A0144A /* PaymentTableViewCell.swift in Sources */ = {isa = PBXBuildFile; fileRef = 2A1A5EC31ECCAD4500A0144A /* PaymentTableViewCell.swift */; };
		2A1A5EC61ECCB55600A0144A /* PaymentViewController.swift in Sources */ = {isa = PBXBuildFile; fileRef = 2A1A5EC51ECCB55600A0144A /* PaymentViewController.swift */; };
		2A1D14EC1F644DDC00C2F5E2 /* QrReaderViewControllerViewController.swift in Sources */ = {isa = PBXBuildFile; fileRef = 2A1D14EB1F644DDC00C2F5E2 /* QrReaderViewControllerViewController.swift */; };
		2A206B971F0B79990080235B /* FireBaseAPI.swift in Sources */ = {isa = PBXBuildFile; fileRef = 2A206B961F0B79990080235B /* FireBaseAPI.swift */; };
		2A2A39B01F40EA8200D59476 /* MapViewController.swift in Sources */ = {isa = PBXBuildFile; fileRef = 2A2A39AF1F40EA8200D59476 /* MapViewController.swift */; };
		2A2AD5751F5DB6A200716149 /* PointsManager.swift in Sources */ = {isa = PBXBuildFile; fileRef = 2A2AD5741F5DB6A200716149 /* PointsManager.swift */; };
		2A40AD151F1779A400864227 /* SegmentControlExtension.swift in Sources */ = {isa = PBXBuildFile; fileRef = 2A40AD141F1779A400864227 /* SegmentControlExtension.swift */; };
		2A53AB5D1EAE893F0018B8E9 /* TestConnection.swift in Sources */ = {isa = PBXBuildFile; fileRef = 2A53AB5C1EAE893E0018B8E9 /* TestConnection.swift */; };
		2A53AB671EB0AC120018B8E9 /* Product.swift in Sources */ = {isa = PBXBuildFile; fileRef = 2A53AB661EB0AC120018B8E9 /* Product.swift */; };
		2A53AB691EB0AC950018B8E9 /* Order.swift in Sources */ = {isa = PBXBuildFile; fileRef = 2A53AB681EB0AC950018B8E9 /* Order.swift */; };
		2A53AB6D1EB135D60018B8E9 /* InitialSliderViewController.swift in Sources */ = {isa = PBXBuildFile; fileRef = 2A53AB6C1EB135D60018B8E9 /* InitialSliderViewController.swift */; };
		2A56BBFE1F9755FA00C72860 /* CartOrderDetailsViewController.swift in Sources */ = {isa = PBXBuildFile; fileRef = 2A56BBFD1F9755FA00C72860 /* CartOrderDetailsViewController.swift */; };
		2A56BC001F97584D00C72860 /* CacheImage.swift in Sources */ = {isa = PBXBuildFile; fileRef = 2A56BBFF1F97584D00C72860 /* CacheImage.swift */; };
		2A6809AB1F79595200D813FF /* EventsViewController.swift in Sources */ = {isa = PBXBuildFile; fileRef = 2A6809AA1F79595100D813FF /* EventsViewController.swift */; };
		2A6809AD1F7962CD00D813FF /* TextFieldController.swift in Sources */ = {isa = PBXBuildFile; fileRef = 2A6809AC1F7962CC00D813FF /* TextFieldController.swift */; };
		2A69711F1EB20E400036E3C5 /* UserDestination.swift in Sources */ = {isa = PBXBuildFile; fileRef = 2A69711E1EB20E400036E3C5 /* UserDestination.swift */; };
		2A6971211EB9CA7F0036E3C5 /* FriendsListViewController.swift in Sources */ = {isa = PBXBuildFile; fileRef = 2A6971201EB9CA7F0036E3C5 /* FriendsListViewController.swift */; };
		2A6971231EB9D9A20036E3C5 /* DrinksOrderViewController.swift in Sources */ = {isa = PBXBuildFile; fileRef = 2A6971221EB9D9A20036E3C5 /* DrinksOrderViewController.swift */; };
		2A6971271EBA673A0036E3C5 /* addbadge.swift in Sources */ = {isa = PBXBuildFile; fileRef = 2A6971261EBA673A0036E3C5 /* addbadge.swift */; };
		2A6B073D1ED6E8620054FFD3 /* OrderSentTableViewCell.swift in Sources */ = {isa = PBXBuildFile; fileRef = 2A6B073C1ED6E8620054FFD3 /* OrderSentTableViewCell.swift */; };
		2A6CC8AC1F85BD310056129C /* MorganaMusicSettings.swift in Sources */ = {isa = PBXBuildFile; fileRef = 2A6CC8AB1F85BD310056129C /* MorganaMusicSettings.swift */; };
		2A6E266C1E9BFCF600C1FC64 /* User+CoreDataClass.swift in Sources */ = {isa = PBXBuildFile; fileRef = 2A6E26681E9BFCF600C1FC64 /* User+CoreDataClass.swift */; };
		2A6E266D1E9BFCF600C1FC64 /* User+CoreDataProperties.swift in Sources */ = {isa = PBXBuildFile; fileRef = 2A6E26691E9BFCF600C1FC64 /* User+CoreDataProperties.swift */; };
		2A6E266E1E9BFCF600C1FC64 /* Friend+CoreDataClass.swift in Sources */ = {isa = PBXBuildFile; fileRef = 2A6E266A1E9BFCF600C1FC64 /* Friend+CoreDataClass.swift */; };
		2A6E266F1E9BFCF600C1FC64 /* Friend+CoreDataProperties.swift in Sources */ = {isa = PBXBuildFile; fileRef = 2A6E266B1E9BFCF600C1FC64 /* Friend+CoreDataProperties.swift */; };
		2A74253D1EC52A840071EA25 /* Accelerate.framework in Frameworks */ = {isa = PBXBuildFile; fileRef = 2A7425341EC52A840071EA25 /* Accelerate.framework */; };
		2A74253E1EC52A840071EA25 /* AudioToolbox.framework in Frameworks */ = {isa = PBXBuildFile; fileRef = 2A7425351EC52A840071EA25 /* AudioToolbox.framework */; };
		2A74253F1EC52A840071EA25 /* AVFoundation.framework in Frameworks */ = {isa = PBXBuildFile; fileRef = 2A7425361EC52A840071EA25 /* AVFoundation.framework */; };
		2A7425401EC52A840071EA25 /* CoreLocation.framework in Frameworks */ = {isa = PBXBuildFile; fileRef = 2A7425371EC52A840071EA25 /* CoreLocation.framework */; };
		2A7425411EC52A840071EA25 /* CoreMedia.framework in Frameworks */ = {isa = PBXBuildFile; fileRef = 2A7425381EC52A840071EA25 /* CoreMedia.framework */; };
		2A7425421EC52A840071EA25 /* MessageUI.framework in Frameworks */ = {isa = PBXBuildFile; fileRef = 2A7425391EC52A840071EA25 /* MessageUI.framework */; };
		2A7425431EC52A840071EA25 /* MobileCoreServices.framework in Frameworks */ = {isa = PBXBuildFile; fileRef = 2A74253A1EC52A840071EA25 /* MobileCoreServices.framework */; };
		2A7425441EC52A840071EA25 /* SafariServices.framework in Frameworks */ = {isa = PBXBuildFile; fileRef = 2A74253B1EC52A840071EA25 /* SafariServices.framework */; };
		2A7425451EC52A840071EA25 /* SystemConfiguration.framework in Frameworks */ = {isa = PBXBuildFile; fileRef = 2A74253C1EC52A840071EA25 /* SystemConfiguration.framework */; };
		2A8576F71EC456E800D41949 /* CartViewController.swift in Sources */ = {isa = PBXBuildFile; fileRef = 2A8576F61EC456E800D41949 /* CartViewController.swift */; };
		2A86BB6E1F47432100CE336B /* OrderSentDetailsViewController.swift in Sources */ = {isa = PBXBuildFile; fileRef = 2A86BB6D1F47432100CE336B /* OrderSentDetailsViewController.swift */; };
		2A8CA5A51EFC230300B0DF55 /* UpdateBadgeInfo.swift in Sources */ = {isa = PBXBuildFile; fileRef = 2A8CA5A41EFC230300B0DF55 /* UpdateBadgeInfo.swift */; };
		2A9B63BE1E96731B00862AC5 /* CoreData.swift in Sources */ = {isa = PBXBuildFile; fileRef = 2A9B63BD1E96731B00862AC5 /* CoreData.swift */; };
		2AA135F81F863FCD003B1507 /* AuthOrderViewController.swift in Sources */ = {isa = PBXBuildFile; fileRef = 2AA135F71F863FCD003B1507 /* AuthOrderViewController.swift */; };
		2AA135FA1F868298003B1507 /* AutOrderTableViewCell.swift in Sources */ = {isa = PBXBuildFile; fileRef = 2AA135F91F868298003B1507 /* AutOrderTableViewCell.swift */; };
		2AA4B96F1F755E9E00F4FD48 /* Company.swift in Sources */ = {isa = PBXBuildFile; fileRef = 2AA4B96E1F755E9E00F4FD48 /* Company.swift */; };
		2ABD93BB1F18DF5C00F28632 /* NotificationsCenter.swift in Sources */ = {isa = PBXBuildFile; fileRef = 2ABD93BA1F18DF5C00F28632 /* NotificationsCenter.swift */; };
		2AC5A6781E94E83E0081CAA0 /* Bolts.framework in Frameworks */ = {isa = PBXBuildFile; fileRef = 2AC5A6741E94E83E0081CAA0 /* Bolts.framework */; };
		2AC5A6791E94E83E0081CAA0 /* FBSDKCoreKit.framework in Frameworks */ = {isa = PBXBuildFile; fileRef = 2AC5A6751E94E83E0081CAA0 /* FBSDKCoreKit.framework */; };
		2AC5A67A1E94E83E0081CAA0 /* FBSDKLoginKit.framework in Frameworks */ = {isa = PBXBuildFile; fileRef = 2AC5A6761E94E83E0081CAA0 /* FBSDKLoginKit.framework */; };
		2AC5A67B1E94E83E0081CAA0 /* FBSDKShareKit.framework in Frameworks */ = {isa = PBXBuildFile; fileRef = 2AC5A6771E94E83E0081CAA0 /* FBSDKShareKit.framework */; };
		2AC63AF31E9DFFCE00A9F91E /* FirendsListTableViewCell.swift in Sources */ = {isa = PBXBuildFile; fileRef = 2AC63AF21E9DFFCE00A9F91E /* FirendsListTableViewCell.swift */; };
		2ACE9D3D1EA6644800E93327 /* GoogleService-Info.plist in Resources */ = {isa = PBXBuildFile; fileRef = 2ACE9D3C1EA6644700E93327 /* GoogleService-Info.plist */; };
		2ACF82671EF40CF000F64DAD /* QROrderGenerationViewController.swift in Sources */ = {isa = PBXBuildFile; fileRef = 2ACF82661EF40CF000F64DAD /* QROrderGenerationViewController.swift */; };
		2AD5C80E1ECED68A001951C3 /* MyDrinksViewController.swift in Sources */ = {isa = PBXBuildFile; fileRef = 2AD5C80D1ECED68A001951C3 /* MyDrinksViewController.swift */; };
		2AD5C8121ECEDDBC001951C3 /* Payment.swift in Sources */ = {isa = PBXBuildFile; fileRef = 2AD5C8111ECEDDBC001951C3 /* Payment.swift */; };
		2AD8C1431E9D486700017004 /* FriendActionViewController.swift in Sources */ = {isa = PBXBuildFile; fileRef = 2AD8C1421E9D486700017004 /* FriendActionViewController.swift */; };
		2AE1D9151F16844A000EC896 /* ManageCredits.swift in Sources */ = {isa = PBXBuildFile; fileRef = 2AE1D9141F16844A000EC896 /* ManageCredits.swift */; };
		2AE35F8A1E93EF5800DF453F /* AppDelegate.swift in Sources */ = {isa = PBXBuildFile; fileRef = 2AE35F891E93EF5800DF453F /* AppDelegate.swift */; };
		2AE35F8F1E93EF5800DF453F /* Main.storyboard in Resources */ = {isa = PBXBuildFile; fileRef = 2AE35F8D1E93EF5800DF453F /* Main.storyboard */; };
		2AE35F921E93EF5800DF453F /* MorganaMusic.xcdatamodeld in Sources */ = {isa = PBXBuildFile; fileRef = 2AE35F901E93EF5800DF453F /* MorganaMusic.xcdatamodeld */; };
		2AE35F941E93EF5800DF453F /* Assets.xcassets in Resources */ = {isa = PBXBuildFile; fileRef = 2AE35F931E93EF5800DF453F /* Assets.xcassets */; };
		2AE35F971E93EF5800DF453F /* LaunchScreen.storyboard in Resources */ = {isa = PBXBuildFile; fileRef = 2AE35F951E93EF5800DF453F /* LaunchScreen.storyboard */; };
		2AE35FA21E93F00F00DF453F /* LoginViewController.swift in Sources */ = {isa = PBXBuildFile; fileRef = 2AE35FA11E93F00F00DF453F /* LoginViewController.swift */; };
		2AE35FAC1E93F99900DF453F /* UserViewController.swift in Sources */ = {isa = PBXBuildFile; fileRef = 2AE35FAB1E93F99900DF453F /* UserViewController.swift */; };
		2AFA98851EC19BCA0007CA33 /* Cart.swift in Sources */ = {isa = PBXBuildFile; fileRef = 2AFA98841EC19BCA0007CA33 /* Cart.swift */; };
		2AFA98891EC1CE470007CA33 /* CartUserTableViewCell.swift in Sources */ = {isa = PBXBuildFile; fileRef = 2AFA98881EC1CE470007CA33 /* CartUserTableViewCell.swift */; };
		2F93099F7E4305074AC52905 /* Pods_MorganaMusic.framework in Frameworks */ = {isa = PBXBuildFile; fileRef = B1F6C0F4D7B5B86B25C799B9 /* Pods_MorganaMusic.framework */; };
/* End PBXBuildFile section */

/* Begin PBXContainerItemProxy section */
		2A01EBB41F7C741400EB49C1 /* PBXContainerItemProxy */ = {
			isa = PBXContainerItemProxy;
			containerPortal = 2AE35F7E1E93EF5800DF453F /* Project object */;
			proxyType = 1;
			remoteGlobalIDString = 2AE35F851E93EF5800DF453F;
			remoteInfo = MorganaMusic;
		};
		2A01EBC21F7C743B00EB49C1 /* PBXContainerItemProxy */ = {
			isa = PBXContainerItemProxy;
			containerPortal = 2AE35F7E1E93EF5800DF453F /* Project object */;
			proxyType = 1;
			remoteGlobalIDString = 2AE35F851E93EF5800DF453F;
			remoteInfo = MorganaMusic;
		};
/* End PBXContainerItemProxy section */

/* Begin PBXFileReference section */
		17C88BB35E78272643DA482B /* Pods_MorganaMusicTests.framework */ = {isa = PBXFileReference; explicitFileType = wrapper.framework; includeInIndex = 0; path = Pods_MorganaMusicTests.framework; sourceTree = BUILT_PRODUCTS_DIR; };
		1BC7A9689B1B1B6ECD22366D /* Pods-MorganaMusic.debug.xcconfig */ = {isa = PBXFileReference; includeInIndex = 1; lastKnownFileType = text.xcconfig; name = "Pods-MorganaMusic.debug.xcconfig"; path = "Pods/Target Support Files/Pods-MorganaMusic/Pods-MorganaMusic.debug.xcconfig"; sourceTree = "<group>"; };
		2A01EBAF1F7C741400EB49C1 /* MorganaMusicTests.xctest */ = {isa = PBXFileReference; explicitFileType = wrapper.cfbundle; includeInIndex = 0; path = MorganaMusicTests.xctest; sourceTree = BUILT_PRODUCTS_DIR; };
		2A01EBB11F7C741400EB49C1 /* MorganaMusicTests.swift */ = {isa = PBXFileReference; lastKnownFileType = sourcecode.swift; path = MorganaMusicTests.swift; sourceTree = "<group>"; };
		2A01EBB31F7C741400EB49C1 /* Info.plist */ = {isa = PBXFileReference; lastKnownFileType = text.plist.xml; path = Info.plist; sourceTree = "<group>"; };
		2A01EBBD1F7C743B00EB49C1 /* MorganaMusicUITests.xctest */ = {isa = PBXFileReference; explicitFileType = wrapper.cfbundle; includeInIndex = 0; path = MorganaMusicUITests.xctest; sourceTree = BUILT_PRODUCTS_DIR; };
		2A01EBBF1F7C743B00EB49C1 /* MorganaMusicUITests.swift */ = {isa = PBXFileReference; lastKnownFileType = sourcecode.swift; path = MorganaMusicUITests.swift; sourceTree = "<group>"; };
		2A01EBC11F7C743B00EB49C1 /* Info.plist */ = {isa = PBXFileReference; lastKnownFileType = text.plist.xml; path = Info.plist; sourceTree = "<group>"; };
		2A0700F61EEB178100F701EC /* OrderReceivedTableViewCell.swift */ = {isa = PBXFileReference; fileEncoding = 4; lastKnownFileType = sourcecode.swift; path = OrderReceivedTableViewCell.swift; sourceTree = "<group>"; };
		2A1863AD1F5055DB00505F20 /* FirebaseData.swift */ = {isa = PBXFileReference; fileEncoding = 4; lastKnownFileType = sourcecode.swift; path = FirebaseData.swift; sourceTree = "<group>"; };
		2A1863AF1F5055EA00505F20 /* PaymentsManager.swift */ = {isa = PBXFileReference; fileEncoding = 4; lastKnownFileType = sourcecode.swift; path = PaymentsManager.swift; sourceTree = "<group>"; };
		2A1A5EC31ECCAD4500A0144A /* PaymentTableViewCell.swift */ = {isa = PBXFileReference; fileEncoding = 4; lastKnownFileType = sourcecode.swift; path = PaymentTableViewCell.swift; sourceTree = "<group>"; };
		2A1A5EC51ECCB55600A0144A /* PaymentViewController.swift */ = {isa = PBXFileReference; fileEncoding = 4; lastKnownFileType = sourcecode.swift; path = PaymentViewController.swift; sourceTree = "<group>"; };
		2A1D14EB1F644DDC00C2F5E2 /* QrReaderViewControllerViewController.swift */ = {isa = PBXFileReference; fileEncoding = 4; lastKnownFileType = sourcecode.swift; path = QrReaderViewControllerViewController.swift; sourceTree = "<group>"; };
		2A206B961F0B79990080235B /* FireBaseAPI.swift */ = {isa = PBXFileReference; fileEncoding = 4; lastKnownFileType = sourcecode.swift; path = FireBaseAPI.swift; sourceTree = "<group>"; };
		2A2A39AF1F40EA8200D59476 /* MapViewController.swift */ = {isa = PBXFileReference; fileEncoding = 4; lastKnownFileType = sourcecode.swift; path = MapViewController.swift; sourceTree = "<group>"; };
		2A2AD5741F5DB6A200716149 /* PointsManager.swift */ = {isa = PBXFileReference; fileEncoding = 4; lastKnownFileType = sourcecode.swift; path = PointsManager.swift; sourceTree = "<group>"; };
		2A40AD141F1779A400864227 /* SegmentControlExtension.swift */ = {isa = PBXFileReference; fileEncoding = 4; lastKnownFileType = sourcecode.swift; path = SegmentControlExtension.swift; sourceTree = "<group>"; };
		2A53AB5C1EAE893E0018B8E9 /* TestConnection.swift */ = {isa = PBXFileReference; fileEncoding = 4; lastKnownFileType = sourcecode.swift; path = TestConnection.swift; sourceTree = "<group>"; };
		2A53AB661EB0AC120018B8E9 /* Product.swift */ = {isa = PBXFileReference; fileEncoding = 4; lastKnownFileType = sourcecode.swift; path = Product.swift; sourceTree = "<group>"; };
		2A53AB681EB0AC950018B8E9 /* Order.swift */ = {isa = PBXFileReference; fileEncoding = 4; lastKnownFileType = sourcecode.swift; path = Order.swift; sourceTree = "<group>"; };
		2A53AB6C1EB135D60018B8E9 /* InitialSliderViewController.swift */ = {isa = PBXFileReference; fileEncoding = 4; lastKnownFileType = sourcecode.swift; path = InitialSliderViewController.swift; sourceTree = "<group>"; };
		2A56BBFD1F9755FA00C72860 /* CartOrderDetailsViewController.swift */ = {isa = PBXFileReference; lastKnownFileType = sourcecode.swift; path = CartOrderDetailsViewController.swift; sourceTree = "<group>"; };
		2A56BBFF1F97584D00C72860 /* CacheImage.swift */ = {isa = PBXFileReference; lastKnownFileType = sourcecode.swift; path = CacheImage.swift; sourceTree = "<group>"; };
		2A6809AA1F79595100D813FF /* EventsViewController.swift */ = {isa = PBXFileReference; lastKnownFileType = sourcecode.swift; path = EventsViewController.swift; sourceTree = "<group>"; };
		2A6809AC1F7962CC00D813FF /* TextFieldController.swift */ = {isa = PBXFileReference; lastKnownFileType = sourcecode.swift; path = TextFieldController.swift; sourceTree = "<group>"; };
		2A69711E1EB20E400036E3C5 /* UserDestination.swift */ = {isa = PBXFileReference; fileEncoding = 4; lastKnownFileType = sourcecode.swift; path = UserDestination.swift; sourceTree = "<group>"; };
		2A6971201EB9CA7F0036E3C5 /* FriendsListViewController.swift */ = {isa = PBXFileReference; fileEncoding = 4; lastKnownFileType = sourcecode.swift; path = FriendsListViewController.swift; sourceTree = "<group>"; };
		2A6971221EB9D9A20036E3C5 /* DrinksOrderViewController.swift */ = {isa = PBXFileReference; fileEncoding = 4; lastKnownFileType = sourcecode.swift; path = DrinksOrderViewController.swift; sourceTree = "<group>"; };
		2A6971261EBA673A0036E3C5 /* addbadge.swift */ = {isa = PBXFileReference; fileEncoding = 4; lastKnownFileType = sourcecode.swift; path = addbadge.swift; sourceTree = "<group>"; };
		2A6B073C1ED6E8620054FFD3 /* OrderSentTableViewCell.swift */ = {isa = PBXFileReference; fileEncoding = 4; lastKnownFileType = sourcecode.swift; path = OrderSentTableViewCell.swift; sourceTree = "<group>"; };
		2A6CC8AB1F85BD310056129C /* MorganaMusicSettings.swift */ = {isa = PBXFileReference; lastKnownFileType = sourcecode.swift; path = MorganaMusicSettings.swift; sourceTree = "<group>"; };
		2A6E26681E9BFCF600C1FC64 /* User+CoreDataClass.swift */ = {isa = PBXFileReference; fileEncoding = 4; lastKnownFileType = sourcecode.swift; path = "User+CoreDataClass.swift"; sourceTree = "<group>"; };
		2A6E26691E9BFCF600C1FC64 /* User+CoreDataProperties.swift */ = {isa = PBXFileReference; fileEncoding = 4; lastKnownFileType = sourcecode.swift; path = "User+CoreDataProperties.swift"; sourceTree = "<group>"; };
		2A6E266A1E9BFCF600C1FC64 /* Friend+CoreDataClass.swift */ = {isa = PBXFileReference; fileEncoding = 4; lastKnownFileType = sourcecode.swift; path = "Friend+CoreDataClass.swift"; sourceTree = "<group>"; };
		2A6E266B1E9BFCF600C1FC64 /* Friend+CoreDataProperties.swift */ = {isa = PBXFileReference; fileEncoding = 4; lastKnownFileType = sourcecode.swift; path = "Friend+CoreDataProperties.swift"; sourceTree = "<group>"; };
		2A6EBE741EC5364A001E52E3 /* MorganaMusic-Bridging-Header.h */ = {isa = PBXFileReference; lastKnownFileType = sourcecode.c.h; path = "MorganaMusic-Bridging-Header.h"; sourceTree = "<group>"; };
		2A7425341EC52A840071EA25 /* Accelerate.framework */ = {isa = PBXFileReference; lastKnownFileType = wrapper.framework; name = Accelerate.framework; path = System/Library/Frameworks/Accelerate.framework; sourceTree = SDKROOT; };
		2A7425351EC52A840071EA25 /* AudioToolbox.framework */ = {isa = PBXFileReference; lastKnownFileType = wrapper.framework; name = AudioToolbox.framework; path = System/Library/Frameworks/AudioToolbox.framework; sourceTree = SDKROOT; };
		2A7425361EC52A840071EA25 /* AVFoundation.framework */ = {isa = PBXFileReference; lastKnownFileType = wrapper.framework; name = AVFoundation.framework; path = System/Library/Frameworks/AVFoundation.framework; sourceTree = SDKROOT; };
		2A7425371EC52A840071EA25 /* CoreLocation.framework */ = {isa = PBXFileReference; lastKnownFileType = wrapper.framework; name = CoreLocation.framework; path = System/Library/Frameworks/CoreLocation.framework; sourceTree = SDKROOT; };
		2A7425381EC52A840071EA25 /* CoreMedia.framework */ = {isa = PBXFileReference; lastKnownFileType = wrapper.framework; name = CoreMedia.framework; path = System/Library/Frameworks/CoreMedia.framework; sourceTree = SDKROOT; };
		2A7425391EC52A840071EA25 /* MessageUI.framework */ = {isa = PBXFileReference; lastKnownFileType = wrapper.framework; name = MessageUI.framework; path = System/Library/Frameworks/MessageUI.framework; sourceTree = SDKROOT; };
		2A74253A1EC52A840071EA25 /* MobileCoreServices.framework */ = {isa = PBXFileReference; lastKnownFileType = wrapper.framework; name = MobileCoreServices.framework; path = System/Library/Frameworks/MobileCoreServices.framework; sourceTree = SDKROOT; };
		2A74253B1EC52A840071EA25 /* SafariServices.framework */ = {isa = PBXFileReference; lastKnownFileType = wrapper.framework; name = SafariServices.framework; path = System/Library/Frameworks/SafariServices.framework; sourceTree = SDKROOT; };
		2A74253C1EC52A840071EA25 /* SystemConfiguration.framework */ = {isa = PBXFileReference; lastKnownFileType = wrapper.framework; name = SystemConfiguration.framework; path = System/Library/Frameworks/SystemConfiguration.framework; sourceTree = SDKROOT; };
		2A8576F61EC456E800D41949 /* CartViewController.swift */ = {isa = PBXFileReference; fileEncoding = 4; lastKnownFileType = sourcecode.swift; path = CartViewController.swift; sourceTree = "<group>"; };
		2A86BB6D1F47432100CE336B /* OrderSentDetailsViewController.swift */ = {isa = PBXFileReference; fileEncoding = 4; lastKnownFileType = sourcecode.swift; path = OrderSentDetailsViewController.swift; sourceTree = "<group>"; };
		2A8CA5A41EFC230300B0DF55 /* UpdateBadgeInfo.swift */ = {isa = PBXFileReference; fileEncoding = 4; lastKnownFileType = sourcecode.swift; path = UpdateBadgeInfo.swift; sourceTree = "<group>"; };
		2A9B63BD1E96731B00862AC5 /* CoreData.swift */ = {isa = PBXFileReference; fileEncoding = 4; lastKnownFileType = sourcecode.swift; path = CoreData.swift; sourceTree = "<group>"; };
		2A9E9DA91EEF269000E8383B /* MorganaMusic.entitlements */ = {isa = PBXFileReference; lastKnownFileType = text.plist.entitlements; path = MorganaMusic.entitlements; sourceTree = "<group>"; };
		2AA135F71F863FCD003B1507 /* AuthOrderViewController.swift */ = {isa = PBXFileReference; lastKnownFileType = sourcecode.swift; path = AuthOrderViewController.swift; sourceTree = "<group>"; };
		2AA135F91F868298003B1507 /* AutOrderTableViewCell.swift */ = {isa = PBXFileReference; lastKnownFileType = sourcecode.swift; path = AutOrderTableViewCell.swift; sourceTree = "<group>"; };
		2AA4B96E1F755E9E00F4FD48 /* Company.swift */ = {isa = PBXFileReference; lastKnownFileType = sourcecode.swift; path = Company.swift; sourceTree = "<group>"; };
		2ABD93BA1F18DF5C00F28632 /* NotificationsCenter.swift */ = {isa = PBXFileReference; fileEncoding = 4; lastKnownFileType = sourcecode.swift; path = NotificationsCenter.swift; sourceTree = "<group>"; };
		2AC5A6741E94E83E0081CAA0 /* Bolts.framework */ = {isa = PBXFileReference; lastKnownFileType = wrapper.framework; path = Bolts.framework; sourceTree = "<group>"; };
		2AC5A6751E94E83E0081CAA0 /* FBSDKCoreKit.framework */ = {isa = PBXFileReference; lastKnownFileType = wrapper.framework; path = FBSDKCoreKit.framework; sourceTree = "<group>"; };
		2AC5A6761E94E83E0081CAA0 /* FBSDKLoginKit.framework */ = {isa = PBXFileReference; lastKnownFileType = wrapper.framework; path = FBSDKLoginKit.framework; sourceTree = "<group>"; };
		2AC5A6771E94E83E0081CAA0 /* FBSDKShareKit.framework */ = {isa = PBXFileReference; lastKnownFileType = wrapper.framework; path = FBSDKShareKit.framework; sourceTree = "<group>"; };
		2AC63AF21E9DFFCE00A9F91E /* FirendsListTableViewCell.swift */ = {isa = PBXFileReference; fileEncoding = 4; lastKnownFileType = sourcecode.swift; path = FirendsListTableViewCell.swift; sourceTree = "<group>"; };
		2ACE9D3C1EA6644700E93327 /* GoogleService-Info.plist */ = {isa = PBXFileReference; fileEncoding = 4; lastKnownFileType = text.plist.xml; path = "GoogleService-Info.plist"; sourceTree = "<group>"; };
		2ACF82661EF40CF000F64DAD /* QROrderGenerationViewController.swift */ = {isa = PBXFileReference; fileEncoding = 4; lastKnownFileType = sourcecode.swift; path = QROrderGenerationViewController.swift; sourceTree = "<group>"; };
		2AD5C80D1ECED68A001951C3 /* MyDrinksViewController.swift */ = {isa = PBXFileReference; fileEncoding = 4; lastKnownFileType = sourcecode.swift; path = MyDrinksViewController.swift; sourceTree = "<group>"; };
		2AD5C8111ECEDDBC001951C3 /* Payment.swift */ = {isa = PBXFileReference; fileEncoding = 4; lastKnownFileType = sourcecode.swift; path = Payment.swift; sourceTree = "<group>"; };
		2AD8C1421E9D486700017004 /* FriendActionViewController.swift */ = {isa = PBXFileReference; fileEncoding = 4; lastKnownFileType = sourcecode.swift; path = FriendActionViewController.swift; sourceTree = "<group>"; };
		2AE1D9141F16844A000EC896 /* ManageCredits.swift */ = {isa = PBXFileReference; fileEncoding = 4; lastKnownFileType = sourcecode.swift; path = ManageCredits.swift; sourceTree = "<group>"; };
		2AE35F861E93EF5800DF453F /* MorganaMusic.app */ = {isa = PBXFileReference; explicitFileType = wrapper.application; includeInIndex = 0; path = MorganaMusic.app; sourceTree = BUILT_PRODUCTS_DIR; };
		2AE35F891E93EF5800DF453F /* AppDelegate.swift */ = {isa = PBXFileReference; lastKnownFileType = sourcecode.swift; path = AppDelegate.swift; sourceTree = "<group>"; };
		2AE35F8E1E93EF5800DF453F /* Base */ = {isa = PBXFileReference; lastKnownFileType = file.storyboard; name = Base; path = Base.lproj/Main.storyboard; sourceTree = "<group>"; };
		2AE35F911E93EF5800DF453F /* MorganaMusic.xcdatamodel */ = {isa = PBXFileReference; lastKnownFileType = wrapper.xcdatamodel; path = MorganaMusic.xcdatamodel; sourceTree = "<group>"; };
		2AE35F931E93EF5800DF453F /* Assets.xcassets */ = {isa = PBXFileReference; lastKnownFileType = folder.assetcatalog; path = Assets.xcassets; sourceTree = "<group>"; };
		2AE35F961E93EF5800DF453F /* Base */ = {isa = PBXFileReference; lastKnownFileType = file.storyboard; name = Base; path = Base.lproj/LaunchScreen.storyboard; sourceTree = "<group>"; };
		2AE35F981E93EF5800DF453F /* Info.plist */ = {isa = PBXFileReference; lastKnownFileType = text.plist.xml; path = Info.plist; sourceTree = "<group>"; };
		2AE35FA11E93F00F00DF453F /* LoginViewController.swift */ = {isa = PBXFileReference; fileEncoding = 4; lastKnownFileType = sourcecode.swift; path = LoginViewController.swift; sourceTree = "<group>"; };
		2AE35FAB1E93F99900DF453F /* UserViewController.swift */ = {isa = PBXFileReference; fileEncoding = 4; lastKnownFileType = sourcecode.swift; path = UserViewController.swift; sourceTree = "<group>"; };
		2AFA98841EC19BCA0007CA33 /* Cart.swift */ = {isa = PBXFileReference; fileEncoding = 4; lastKnownFileType = sourcecode.swift; path = Cart.swift; sourceTree = "<group>"; };
		2AFA98881EC1CE470007CA33 /* CartUserTableViewCell.swift */ = {isa = PBXFileReference; fileEncoding = 4; lastKnownFileType = sourcecode.swift; path = CartUserTableViewCell.swift; sourceTree = "<group>"; };
		A55BBBAB2199BAA021B9C7F8 /* Pods-MorganaMusic.release.xcconfig */ = {isa = PBXFileReference; includeInIndex = 1; lastKnownFileType = text.xcconfig; name = "Pods-MorganaMusic.release.xcconfig"; path = "Pods/Target Support Files/Pods-MorganaMusic/Pods-MorganaMusic.release.xcconfig"; sourceTree = "<group>"; };
		B1F6C0F4D7B5B86B25C799B9 /* Pods_MorganaMusic.framework */ = {isa = PBXFileReference; explicitFileType = wrapper.framework; includeInIndex = 0; path = Pods_MorganaMusic.framework; sourceTree = BUILT_PRODUCTS_DIR; };
		D6B6F496D51FEF506284036D /* Pods-MorganaMusicTests.release.xcconfig */ = {isa = PBXFileReference; includeInIndex = 1; lastKnownFileType = text.xcconfig; name = "Pods-MorganaMusicTests.release.xcconfig"; path = "Pods/Target Support Files/Pods-MorganaMusicTests/Pods-MorganaMusicTests.release.xcconfig"; sourceTree = "<group>"; };
		DDF466CBEB22E7C436C101FD /* Pods-MorganaMusicTests.debug.xcconfig */ = {isa = PBXFileReference; includeInIndex = 1; lastKnownFileType = text.xcconfig; name = "Pods-MorganaMusicTests.debug.xcconfig"; path = "Pods/Target Support Files/Pods-MorganaMusicTests/Pods-MorganaMusicTests.debug.xcconfig"; sourceTree = "<group>"; };
/* End PBXFileReference section */

/* Begin PBXFrameworksBuildPhase section */
		2A01EBAC1F7C741400EB49C1 /* Frameworks */ = {
			isa = PBXFrameworksBuildPhase;
			buildActionMask = 2147483647;
			files = (
				106CE5A0B64ACE47467EB2DE /* Pods_MorganaMusicTests.framework in Frameworks */,
			);
			runOnlyForDeploymentPostprocessing = 0;
		};
		2A01EBBA1F7C743B00EB49C1 /* Frameworks */ = {
			isa = PBXFrameworksBuildPhase;
			buildActionMask = 2147483647;
			files = (
			);
			runOnlyForDeploymentPostprocessing = 0;
		};
		2AE35F831E93EF5800DF453F /* Frameworks */ = {
			isa = PBXFrameworksBuildPhase;
			buildActionMask = 2147483647;
			files = (
				2A74253D1EC52A840071EA25 /* Accelerate.framework in Frameworks */,
				2A74253E1EC52A840071EA25 /* AudioToolbox.framework in Frameworks */,
				2A74253F1EC52A840071EA25 /* AVFoundation.framework in Frameworks */,
				2A7425401EC52A840071EA25 /* CoreLocation.framework in Frameworks */,
				2A7425411EC52A840071EA25 /* CoreMedia.framework in Frameworks */,
				2A7425421EC52A840071EA25 /* MessageUI.framework in Frameworks */,
				2A7425431EC52A840071EA25 /* MobileCoreServices.framework in Frameworks */,
				2A7425441EC52A840071EA25 /* SafariServices.framework in Frameworks */,
				2A7425451EC52A840071EA25 /* SystemConfiguration.framework in Frameworks */,
				2AC5A67B1E94E83E0081CAA0 /* FBSDKShareKit.framework in Frameworks */,
				2AC5A6781E94E83E0081CAA0 /* Bolts.framework in Frameworks */,
				2AC5A6791E94E83E0081CAA0 /* FBSDKCoreKit.framework in Frameworks */,
				2AC5A67A1E94E83E0081CAA0 /* FBSDKLoginKit.framework in Frameworks */,
				2F93099F7E4305074AC52905 /* Pods_MorganaMusic.framework in Frameworks */,
			);
			runOnlyForDeploymentPostprocessing = 0;
		};
/* End PBXFrameworksBuildPhase section */

/* Begin PBXGroup section */
		2A01EBB01F7C741400EB49C1 /* MorganaMusicTests */ = {
			isa = PBXGroup;
			children = (
				2A01EBB11F7C741400EB49C1 /* MorganaMusicTests.swift */,
				2A01EBB31F7C741400EB49C1 /* Info.plist */,
			);
			path = MorganaMusicTests;
			sourceTree = "<group>";
		};
		2A01EBBE1F7C743B00EB49C1 /* MorganaMusicUITests */ = {
			isa = PBXGroup;
			children = (
				2A01EBBF1F7C743B00EB49C1 /* MorganaMusicUITests.swift */,
				2A01EBC11F7C743B00EB49C1 /* Info.plist */,
			);
			path = MorganaMusicUITests;
			sourceTree = "<group>";
		};
		2A2A39B11F4198D900D59476 /* Model */ = {
			isa = PBXGroup;
			children = (
				2A53AB661EB0AC120018B8E9 /* Product.swift */,
				2A69711E1EB20E400036E3C5 /* UserDestination.swift */,
				2A53AB681EB0AC950018B8E9 /* Order.swift */,
				2AA4B96E1F755E9E00F4FD48 /* Company.swift */,
				2AD5C8111ECEDDBC001951C3 /* Payment.swift */,
				2AFA98841EC19BCA0007CA33 /* Cart.swift */,
				2A1863AD1F5055DB00505F20 /* FirebaseData.swift */,
				2A1863AF1F5055EA00505F20 /* PaymentsManager.swift */,
				2A2AD5741F5DB6A200716149 /* PointsManager.swift */,
			);
			name = Model;
			sourceTree = "<group>";
		};
		2A2A39B21F41991000D59476 /* View */ = {
			isa = PBXGroup;
			children = (
				2AE35F8D1E93EF5800DF453F /* Main.storyboard */,
				2AE35F951E93EF5800DF453F /* LaunchScreen.storyboard */,
			);
			name = View;
			sourceTree = "<group>";
		};
		2AC5A67C1E94EA010081CAA0 /* FacebookFramework */ = {
			isa = PBXGroup;
			children = (
				2AC5A6741E94E83E0081CAA0 /* Bolts.framework */,
				2AC5A6751E94E83E0081CAA0 /* FBSDKCoreKit.framework */,
				2AC5A6761E94E83E0081CAA0 /* FBSDKLoginKit.framework */,
				2AC5A6771E94E83E0081CAA0 /* FBSDKShareKit.framework */,
			);
			name = FacebookFramework;
			sourceTree = "<group>";
		};
		2AE35F7D1E93EF5800DF453F = {
			isa = PBXGroup;
			children = (
				2AE35F881E93EF5800DF453F /* MorganaMusic */,
				2AE35F871E93EF5800DF453F /* Products */,
				65312183B46FE65E26A89277 /* Frameworks */,
				2A01EBB01F7C741400EB49C1 /* MorganaMusicTests */,
				2A01EBBE1F7C743B00EB49C1 /* MorganaMusicUITests */,
				BEA642A0828ADE2C649A8096 /* Pods */,
			);
			sourceTree = "<group>";
		};
		2AE35F871E93EF5800DF453F /* Products */ = {
			isa = PBXGroup;
			children = (
				2AE35F861E93EF5800DF453F /* MorganaMusic.app */,
				2A01EBAF1F7C741400EB49C1 /* MorganaMusicTests.xctest */,
				2A01EBBD1F7C743B00EB49C1 /* MorganaMusicUITests.xctest */,
			);
			name = Products;
			sourceTree = "<group>";
		};
		2AE35F881E93EF5800DF453F /* MorganaMusic */ = {
			isa = PBXGroup;
			children = (
				2A9E9DA91EEF269000E8383B /* MorganaMusic.entitlements */,
				2AE35FA01E93EF8200DF453F /* SupportingFiles */,
				2AE35F9F1E93EF7500DF453F /* Controller */,
				2A2A39B11F4198D900D59476 /* Model */,
				2AE35F9E1E93EF6500DF453F /* CoreData */,
				2AC5A67C1E94EA010081CAA0 /* FacebookFramework */,
				2A2A39B21F41991000D59476 /* View */,
			);
			path = MorganaMusic;
			sourceTree = "<group>";
		};
		2AE35F9E1E93EF6500DF453F /* CoreData */ = {
			isa = PBXGroup;
			children = (
				2A6E26681E9BFCF600C1FC64 /* User+CoreDataClass.swift */,
				2A6E26691E9BFCF600C1FC64 /* User+CoreDataProperties.swift */,
				2A6E266A1E9BFCF600C1FC64 /* Friend+CoreDataClass.swift */,
				2A6E266B1E9BFCF600C1FC64 /* Friend+CoreDataProperties.swift */,
				2AE35F901E93EF5800DF453F /* MorganaMusic.xcdatamodeld */,
				2A9B63BD1E96731B00862AC5 /* CoreData.swift */,
			);
			name = CoreData;
			sourceTree = "<group>";
		};
		2AE35F9F1E93EF7500DF453F /* Controller */ = {
			isa = PBXGroup;
			children = (
				2A53AB6C1EB135D60018B8E9 /* InitialSliderViewController.swift */,
				2A6809AA1F79595100D813FF /* EventsViewController.swift */,
				2AE35FA11E93F00F00DF453F /* LoginViewController.swift */,
				2AE35FAB1E93F99900DF453F /* UserViewController.swift */,
				2AD8C1421E9D486700017004 /* FriendActionViewController.swift */,
				2A6971201EB9CA7F0036E3C5 /* FriendsListViewController.swift */,
				2AC63AF21E9DFFCE00A9F91E /* FirendsListTableViewCell.swift */,
				2A6971221EB9D9A20036E3C5 /* DrinksOrderViewController.swift */,
				2A8576F61EC456E800D41949 /* CartViewController.swift */,
				2AFA98881EC1CE470007CA33 /* CartUserTableViewCell.swift */,
				2A1A5EC51ECCB55600A0144A /* PaymentViewController.swift */,
				2A1A5EC31ECCAD4500A0144A /* PaymentTableViewCell.swift */,
				2AD5C80D1ECED68A001951C3 /* MyDrinksViewController.swift */,
				2A6B073C1ED6E8620054FFD3 /* OrderSentTableViewCell.swift */,
				2A0700F61EEB178100F701EC /* OrderReceivedTableViewCell.swift */,
				2ACF82661EF40CF000F64DAD /* QROrderGenerationViewController.swift */,
				2A2A39AF1F40EA8200D59476 /* MapViewController.swift */,
				2A86BB6D1F47432100CE336B /* OrderSentDetailsViewController.swift */,
				2A1D14EB1F644DDC00C2F5E2 /* QrReaderViewControllerViewController.swift */,
				2AA135F71F863FCD003B1507 /* AuthOrderViewController.swift */,
				2AA135F91F868298003B1507 /* AutOrderTableViewCell.swift */,
				2A56BBFD1F9755FA00C72860 /* CartOrderDetailsViewController.swift */,
			);
			name = Controller;
			sourceTree = "<group>";
		};
		2AE35FA01E93EF8200DF453F /* SupportingFiles */ = {
			isa = PBXGroup;
			children = (
				2A6EBE741EC5364A001E52E3 /* MorganaMusic-Bridging-Header.h */,
				2AE35F891E93EF5800DF453F /* AppDelegate.swift */,
				2AE35F931E93EF5800DF453F /* Assets.xcassets */,
				2AE35F981E93EF5800DF453F /* Info.plist */,
				2ACE9D3C1EA6644700E93327 /* GoogleService-Info.plist */,
				2A53AB5C1EAE893E0018B8E9 /* TestConnection.swift */,
				2A6971261EBA673A0036E3C5 /* addbadge.swift */,
				2A8CA5A41EFC230300B0DF55 /* UpdateBadgeInfo.swift */,
				2A206B961F0B79990080235B /* FireBaseAPI.swift */,
				2AE1D9141F16844A000EC896 /* ManageCredits.swift */,
				2A40AD141F1779A400864227 /* SegmentControlExtension.swift */,
				2ABD93BA1F18DF5C00F28632 /* NotificationsCenter.swift */,
				2A6809AC1F7962CC00D813FF /* TextFieldController.swift */,
				2A6CC8AB1F85BD310056129C /* MorganaMusicSettings.swift */,
				2A56BBFF1F97584D00C72860 /* CacheImage.swift */,
			);
			name = SupportingFiles;
			sourceTree = "<group>";
		};
		65312183B46FE65E26A89277 /* Frameworks */ = {
			isa = PBXGroup;
			children = (
				2A7425341EC52A840071EA25 /* Accelerate.framework */,
				2A7425351EC52A840071EA25 /* AudioToolbox.framework */,
				2A7425361EC52A840071EA25 /* AVFoundation.framework */,
				2A7425371EC52A840071EA25 /* CoreLocation.framework */,
				2A7425381EC52A840071EA25 /* CoreMedia.framework */,
				2A7425391EC52A840071EA25 /* MessageUI.framework */,
				2A74253A1EC52A840071EA25 /* MobileCoreServices.framework */,
				2A74253B1EC52A840071EA25 /* SafariServices.framework */,
				2A74253C1EC52A840071EA25 /* SystemConfiguration.framework */,
				B1F6C0F4D7B5B86B25C799B9 /* Pods_MorganaMusic.framework */,
				17C88BB35E78272643DA482B /* Pods_MorganaMusicTests.framework */,
			);
			name = Frameworks;
			sourceTree = "<group>";
		};
		BEA642A0828ADE2C649A8096 /* Pods */ = {
			isa = PBXGroup;
			children = (
				1BC7A9689B1B1B6ECD22366D /* Pods-MorganaMusic.debug.xcconfig */,
				A55BBBAB2199BAA021B9C7F8 /* Pods-MorganaMusic.release.xcconfig */,
				DDF466CBEB22E7C436C101FD /* Pods-MorganaMusicTests.debug.xcconfig */,
				D6B6F496D51FEF506284036D /* Pods-MorganaMusicTests.release.xcconfig */,
			);
			name = Pods;
			sourceTree = "<group>";
		};
/* End PBXGroup section */

/* Begin PBXNativeTarget section */
		2A01EBAE1F7C741400EB49C1 /* MorganaMusicTests */ = {
			isa = PBXNativeTarget;
			buildConfigurationList = 2A01EBB81F7C741400EB49C1 /* Build configuration list for PBXNativeTarget "MorganaMusicTests" */;
			buildPhases = (
				487DB6BF8FCED6A7E2BE30BA /* [CP] Check Pods Manifest.lock */,
				2A01EBAB1F7C741400EB49C1 /* Sources */,
				2A01EBAC1F7C741400EB49C1 /* Frameworks */,
				2A01EBAD1F7C741400EB49C1 /* Resources */,
				F08E6312811023BBF41A0194 /* [CP] Embed Pods Frameworks */,
				6D33F97A87BD64CEF4441480 /* [CP] Copy Pods Resources */,
			);
			buildRules = (
			);
			dependencies = (
				2A01EBB51F7C741400EB49C1 /* PBXTargetDependency */,
			);
			name = MorganaMusicTests;
			productName = MorganaMusicTests;
			productReference = 2A01EBAF1F7C741400EB49C1 /* MorganaMusicTests.xctest */;
			productType = "com.apple.product-type.bundle.unit-test";
		};
		2A01EBBC1F7C743B00EB49C1 /* MorganaMusicUITests */ = {
			isa = PBXNativeTarget;
			buildConfigurationList = 2A01EBC41F7C743B00EB49C1 /* Build configuration list for PBXNativeTarget "MorganaMusicUITests" */;
			buildPhases = (
				2A01EBB91F7C743B00EB49C1 /* Sources */,
				2A01EBBA1F7C743B00EB49C1 /* Frameworks */,
				2A01EBBB1F7C743B00EB49C1 /* Resources */,
			);
			buildRules = (
			);
			dependencies = (
				2A01EBC31F7C743B00EB49C1 /* PBXTargetDependency */,
			);
			name = MorganaMusicUITests;
			productName = MorganaMusicUITests;
			productReference = 2A01EBBD1F7C743B00EB49C1 /* MorganaMusicUITests.xctest */;
			productType = "com.apple.product-type.bundle.ui-testing";
		};
		2AE35F851E93EF5800DF453F /* MorganaMusic */ = {
			isa = PBXNativeTarget;
			buildConfigurationList = 2AE35F9B1E93EF5800DF453F /* Build configuration list for PBXNativeTarget "MorganaMusic" */;
			buildPhases = (
				424F225583CAB9AF6E11524D /* [CP] Check Pods Manifest.lock */,
				2AE35F821E93EF5800DF453F /* Sources */,
				2AE35F831E93EF5800DF453F /* Frameworks */,
				2AE35F841E93EF5800DF453F /* Resources */,
				49DC1D64E5F39BA39F03BB0F /* [CP] Embed Pods Frameworks */,
				46D67B7B89FBE38B61E9F35C /* [CP] Copy Pods Resources */,
			);
			buildRules = (
			);
			dependencies = (
			);
			name = MorganaMusic;
			productName = MorganaMusic;
			productReference = 2AE35F861E93EF5800DF453F /* MorganaMusic.app */;
			productType = "com.apple.product-type.application";
		};
/* End PBXNativeTarget section */

/* Begin PBXProject section */
		2AE35F7E1E93EF5800DF453F /* Project object */ = {
			isa = PBXProject;
			attributes = {
				LastSwiftUpdateCheck = 0900;
				LastUpgradeCheck = 0900;
				ORGANIZATIONNAME = "Vittorio Scocca";
				TargetAttributes = {
					2A01EBAE1F7C741400EB49C1 = {
						CreatedOnToolsVersion = 9.0;
						DevelopmentTeam = 42U6W2K3HU;
						ProvisioningStyle = Automatic;
						TestTargetID = 2AE35F851E93EF5800DF453F;
					};
					2A01EBBC1F7C743B00EB49C1 = {
						CreatedOnToolsVersion = 9.0;
						DevelopmentTeam = 42U6W2K3HU;
						ProvisioningStyle = Automatic;
						TestTargetID = 2AE35F851E93EF5800DF453F;
					};
					2AE35F851E93EF5800DF453F = {
						CreatedOnToolsVersion = 8.3;
						DevelopmentTeam = FP3LS7BNMG;
						LastSwiftMigration = 0900;
						ProvisioningStyle = Automatic;
						SystemCapabilities = {
							com.apple.Push = {
								enabled = 1;
							};
						};
					};
				};
			};
			buildConfigurationList = 2AE35F811E93EF5800DF453F /* Build configuration list for PBXProject "MorganaMusic" */;
			compatibilityVersion = "Xcode 3.2";
			developmentRegion = English;
			hasScannedForEncodings = 0;
			knownRegions = (
				en,
				Base,
			);
			mainGroup = 2AE35F7D1E93EF5800DF453F;
			productRefGroup = 2AE35F871E93EF5800DF453F /* Products */;
			projectDirPath = "";
			projectRoot = "";
			targets = (
				2AE35F851E93EF5800DF453F /* MorganaMusic */,
				2A01EBAE1F7C741400EB49C1 /* MorganaMusicTests */,
				2A01EBBC1F7C743B00EB49C1 /* MorganaMusicUITests */,
			);
		};
/* End PBXProject section */

/* Begin PBXResourcesBuildPhase section */
		2A01EBAD1F7C741400EB49C1 /* Resources */ = {
			isa = PBXResourcesBuildPhase;
			buildActionMask = 2147483647;
			files = (
			);
			runOnlyForDeploymentPostprocessing = 0;
		};
		2A01EBBB1F7C743B00EB49C1 /* Resources */ = {
			isa = PBXResourcesBuildPhase;
			buildActionMask = 2147483647;
			files = (
			);
			runOnlyForDeploymentPostprocessing = 0;
		};
		2AE35F841E93EF5800DF453F /* Resources */ = {
			isa = PBXResourcesBuildPhase;
			buildActionMask = 2147483647;
			files = (
				2AE35F971E93EF5800DF453F /* LaunchScreen.storyboard in Resources */,
				2ACE9D3D1EA6644800E93327 /* GoogleService-Info.plist in Resources */,
				2AE35F941E93EF5800DF453F /* Assets.xcassets in Resources */,
				2AE35F8F1E93EF5800DF453F /* Main.storyboard in Resources */,
			);
			runOnlyForDeploymentPostprocessing = 0;
		};
/* End PBXResourcesBuildPhase section */

/* Begin PBXShellScriptBuildPhase section */
		424F225583CAB9AF6E11524D /* [CP] Check Pods Manifest.lock */ = {
			isa = PBXShellScriptBuildPhase;
			buildActionMask = 2147483647;
			files = (
			);
			inputPaths = (
			);
			name = "[CP] Check Pods Manifest.lock";
			outputPaths = (
			);
			runOnlyForDeploymentPostprocessing = 0;
			shellPath = /bin/sh;
			shellScript = "diff \"${PODS_PODFILE_DIR_PATH}/Podfile.lock\" \"${PODS_ROOT}/Manifest.lock\" > /dev/null\nif [ $? != 0 ] ; then\n    # print error to STDERR\n    echo \"error: The sandbox is not in sync with the Podfile.lock. Run 'pod install' or update your CocoaPods installation.\" >&2\n    exit 1\nfi\n";
			showEnvVarsInLog = 0;
		};
		46D67B7B89FBE38B61E9F35C /* [CP] Copy Pods Resources */ = {
			isa = PBXShellScriptBuildPhase;
			buildActionMask = 2147483647;
			files = (
			);
			inputPaths = (
			);
			name = "[CP] Copy Pods Resources";
			outputPaths = (
			);
			runOnlyForDeploymentPostprocessing = 0;
			shellPath = /bin/sh;
			shellScript = "\"${SRCROOT}/Pods/Target Support Files/Pods-MorganaMusic/Pods-MorganaMusic-resources.sh\"\n";
			showEnvVarsInLog = 0;
		};
		487DB6BF8FCED6A7E2BE30BA /* [CP] Check Pods Manifest.lock */ = {
			isa = PBXShellScriptBuildPhase;
			buildActionMask = 2147483647;
			files = (
			);
			inputPaths = (
			);
			name = "[CP] Check Pods Manifest.lock";
			outputPaths = (
			);
			runOnlyForDeploymentPostprocessing = 0;
			shellPath = /bin/sh;
			shellScript = "diff \"${PODS_PODFILE_DIR_PATH}/Podfile.lock\" \"${PODS_ROOT}/Manifest.lock\" > /dev/null\nif [ $? != 0 ] ; then\n    # print error to STDERR\n    echo \"error: The sandbox is not in sync with the Podfile.lock. Run 'pod install' or update your CocoaPods installation.\" >&2\n    exit 1\nfi\n";
			showEnvVarsInLog = 0;
		};
		49DC1D64E5F39BA39F03BB0F /* [CP] Embed Pods Frameworks */ = {
			isa = PBXShellScriptBuildPhase;
			buildActionMask = 2147483647;
			files = (
			);
			inputPaths = (
			);
			name = "[CP] Embed Pods Frameworks";
			outputPaths = (
			);
			runOnlyForDeploymentPostprocessing = 0;
			shellPath = /bin/sh;
			shellScript = "\"${SRCROOT}/Pods/Target Support Files/Pods-MorganaMusic/Pods-MorganaMusic-frameworks.sh\"\n";
			showEnvVarsInLog = 0;
		};
		6D33F97A87BD64CEF4441480 /* [CP] Copy Pods Resources */ = {
			isa = PBXShellScriptBuildPhase;
			buildActionMask = 2147483647;
			files = (
			);
			inputPaths = (
			);
			name = "[CP] Copy Pods Resources";
			outputPaths = (
			);
			runOnlyForDeploymentPostprocessing = 0;
			shellPath = /bin/sh;
			shellScript = "\"${SRCROOT}/Pods/Target Support Files/Pods-MorganaMusicTests/Pods-MorganaMusicTests-resources.sh\"\n";
			showEnvVarsInLog = 0;
		};
		F08E6312811023BBF41A0194 /* [CP] Embed Pods Frameworks */ = {
			isa = PBXShellScriptBuildPhase;
			buildActionMask = 2147483647;
			files = (
			);
			inputPaths = (
			);
			name = "[CP] Embed Pods Frameworks";
			outputPaths = (
			);
			runOnlyForDeploymentPostprocessing = 0;
			shellPath = /bin/sh;
			shellScript = "\"${SRCROOT}/Pods/Target Support Files/Pods-MorganaMusicTests/Pods-MorganaMusicTests-frameworks.sh\"\n";
			showEnvVarsInLog = 0;
		};
/* End PBXShellScriptBuildPhase section */

/* Begin PBXSourcesBuildPhase section */
		2A01EBAB1F7C741400EB49C1 /* Sources */ = {
			isa = PBXSourcesBuildPhase;
			buildActionMask = 2147483647;
			files = (
				2A01EBB21F7C741400EB49C1 /* MorganaMusicTests.swift in Sources */,
			);
			runOnlyForDeploymentPostprocessing = 0;
		};
		2A01EBB91F7C743B00EB49C1 /* Sources */ = {
			isa = PBXSourcesBuildPhase;
			buildActionMask = 2147483647;
			files = (
				2A01EBC01F7C743B00EB49C1 /* MorganaMusicUITests.swift in Sources */,
			);
			runOnlyForDeploymentPostprocessing = 0;
		};
		2AE35F821E93EF5800DF453F /* Sources */ = {
			isa = PBXSourcesBuildPhase;
			buildActionMask = 2147483647;
			files = (
				2A6971211EB9CA7F0036E3C5 /* FriendsListViewController.swift in Sources */,
				2A1A5EC41ECCAD4500A0144A /* PaymentTableViewCell.swift in Sources */,
				2AE1D9151F16844A000EC896 /* ManageCredits.swift in Sources */,
				2A53AB671EB0AC120018B8E9 /* Product.swift in Sources */,
				2A8CA5A51EFC230300B0DF55 /* UpdateBadgeInfo.swift in Sources */,
				2A6971271EBA673A0036E3C5 /* addbadge.swift in Sources */,
				2AD5C8121ECEDDBC001951C3 /* Payment.swift in Sources */,
				2A2A39B01F40EA8200D59476 /* MapViewController.swift in Sources */,
				2AFA98891EC1CE470007CA33 /* CartUserTableViewCell.swift in Sources */,
				2AE35FA21E93F00F00DF453F /* LoginViewController.swift in Sources */,
				2A1A5EC61ECCB55600A0144A /* PaymentViewController.swift in Sources */,
				2A9B63BE1E96731B00862AC5 /* CoreData.swift in Sources */,
				2A8576F71EC456E800D41949 /* CartViewController.swift in Sources */,
				2ACF82671EF40CF000F64DAD /* QROrderGenerationViewController.swift in Sources */,
				2A2AD5751F5DB6A200716149 /* PointsManager.swift in Sources */,
				2A6E266E1E9BFCF600C1FC64 /* Friend+CoreDataClass.swift in Sources */,
				2A6B073D1ED6E8620054FFD3 /* OrderSentTableViewCell.swift in Sources */,
				2AD8C1431E9D486700017004 /* FriendActionViewController.swift in Sources */,
				2AE35FAC1E93F99900DF453F /* UserViewController.swift in Sources */,
				2AD5C80E1ECED68A001951C3 /* MyDrinksViewController.swift in Sources */,
				2A6CC8AC1F85BD310056129C /* MorganaMusicSettings.swift in Sources */,
				2A6E266F1E9BFCF600C1FC64 /* Friend+CoreDataProperties.swift in Sources */,
				2A1863B01F5055EA00505F20 /* PaymentsManager.swift in Sources */,
				2A53AB691EB0AC950018B8E9 /* Order.swift in Sources */,
				2AE35F921E93EF5800DF453F /* MorganaMusic.xcdatamodeld in Sources */,
				2A0700F71EEB178100F701EC /* OrderReceivedTableViewCell.swift in Sources */,
				2A86BB6E1F47432100CE336B /* OrderSentDetailsViewController.swift in Sources */,
				2A6809AB1F79595200D813FF /* EventsViewController.swift in Sources */,
				2A1863AE1F5055DB00505F20 /* FirebaseData.swift in Sources */,
				2A1D14EC1F644DDC00C2F5E2 /* QrReaderViewControllerViewController.swift in Sources */,
				2AC63AF31E9DFFCE00A9F91E /* FirendsListTableViewCell.swift in Sources */,
				2A6E266C1E9BFCF600C1FC64 /* User+CoreDataClass.swift in Sources */,
				2A40AD151F1779A400864227 /* SegmentControlExtension.swift in Sources */,
				2AE35F8A1E93EF5800DF453F /* AppDelegate.swift in Sources */,
				2A6809AD1F7962CD00D813FF /* TextFieldController.swift in Sources */,
				2AFA98851EC19BCA0007CA33 /* Cart.swift in Sources */,
				2AA135F81F863FCD003B1507 /* AuthOrderViewController.swift in Sources */,
				2A206B971F0B79990080235B /* FireBaseAPI.swift in Sources */,
				2A56BBFE1F9755FA00C72860 /* CartOrderDetailsViewController.swift in Sources */,
				2ABD93BB1F18DF5C00F28632 /* NotificationsCenter.swift in Sources */,
				2AA4B96F1F755E9E00F4FD48 /* Company.swift in Sources */,
				2A6E266D1E9BFCF600C1FC64 /* User+CoreDataProperties.swift in Sources */,
				2A6971231EB9D9A20036E3C5 /* DrinksOrderViewController.swift in Sources */,
				2A53AB6D1EB135D60018B8E9 /* InitialSliderViewController.swift in Sources */,
				2A56BC001F97584D00C72860 /* CacheImage.swift in Sources */,
				2A69711F1EB20E400036E3C5 /* UserDestination.swift in Sources */,
				2A53AB5D1EAE893F0018B8E9 /* TestConnection.swift in Sources */,
				2AA135FA1F868298003B1507 /* AutOrderTableViewCell.swift in Sources */,
			);
			runOnlyForDeploymentPostprocessing = 0;
		};
/* End PBXSourcesBuildPhase section */

/* Begin PBXTargetDependency section */
		2A01EBB51F7C741400EB49C1 /* PBXTargetDependency */ = {
			isa = PBXTargetDependency;
			target = 2AE35F851E93EF5800DF453F /* MorganaMusic */;
			targetProxy = 2A01EBB41F7C741400EB49C1 /* PBXContainerItemProxy */;
		};
		2A01EBC31F7C743B00EB49C1 /* PBXTargetDependency */ = {
			isa = PBXTargetDependency;
			target = 2AE35F851E93EF5800DF453F /* MorganaMusic */;
			targetProxy = 2A01EBC21F7C743B00EB49C1 /* PBXContainerItemProxy */;
		};
/* End PBXTargetDependency section */

/* Begin PBXVariantGroup section */
		2AE35F8D1E93EF5800DF453F /* Main.storyboard */ = {
			isa = PBXVariantGroup;
			children = (
				2AE35F8E1E93EF5800DF453F /* Base */,
			);
			name = Main.storyboard;
			sourceTree = "<group>";
		};
		2AE35F951E93EF5800DF453F /* LaunchScreen.storyboard */ = {
			isa = PBXVariantGroup;
			children = (
				2AE35F961E93EF5800DF453F /* Base */,
			);
			name = LaunchScreen.storyboard;
			sourceTree = "<group>";
		};
/* End PBXVariantGroup section */

/* Begin XCBuildConfiguration section */
		2A01EBB61F7C741400EB49C1 /* Debug */ = {
			isa = XCBuildConfiguration;
			baseConfigurationReference = DDF466CBEB22E7C436C101FD /* Pods-MorganaMusicTests.debug.xcconfig */;
			buildSettings = {
				BUNDLE_LOADER = "$(TEST_HOST)";
				CLANG_CXX_LANGUAGE_STANDARD = "gnu++14";
				CLANG_WARN_UNGUARDED_AVAILABILITY = YES_AGGRESSIVE;
				CODE_SIGN_IDENTITY = "iPhone Developer";
				CODE_SIGN_STYLE = Automatic;
				DEVELOPMENT_TEAM = 42U6W2K3HU;
				GCC_C_LANGUAGE_STANDARD = gnu11;
				INFOPLIST_FILE = MorganaMusicTests/Info.plist;
				IPHONEOS_DEPLOYMENT_TARGET = 11.0;
				LD_RUNPATH_SEARCH_PATHS = "$(inherited) @executable_path/Frameworks @loader_path/Frameworks";
				PRODUCT_BUNDLE_IDENTIFIER = "Vittorio-HungryBit.it.MorganaMusicTests";
				PRODUCT_NAME = "$(TARGET_NAME)";
				SWIFT_INSTALL_OBJC_HEADER = YES;
				SWIFT_OBJC_BRIDGING_HEADER = "/Users/vittorioscocca/Library/Mobile Documents/com~apple~CloudDocs/Xcode/Progetti Personali Xcode/MorganaMusic/MorganaMusic/MorganaMusic-Bridging-Header.h";
				SWIFT_PRECOMPILE_BRIDGING_HEADER = YES;
				SWIFT_VERSION = 4.0;
				TARGETED_DEVICE_FAMILY = "1,2";
				TEST_HOST = "$(BUILT_PRODUCTS_DIR)/MorganaMusic.app/MorganaMusic";
			};
			name = Debug;
		};
		2A01EBB71F7C741400EB49C1 /* Release */ = {
			isa = XCBuildConfiguration;
			baseConfigurationReference = D6B6F496D51FEF506284036D /* Pods-MorganaMusicTests.release.xcconfig */;
			buildSettings = {
				BUNDLE_LOADER = "$(TEST_HOST)";
				CLANG_CXX_LANGUAGE_STANDARD = "gnu++14";
				CLANG_WARN_UNGUARDED_AVAILABILITY = YES_AGGRESSIVE;
				CODE_SIGN_IDENTITY = "iPhone Developer";
				CODE_SIGN_STYLE = Automatic;
				DEVELOPMENT_TEAM = 42U6W2K3HU;
				GCC_C_LANGUAGE_STANDARD = gnu11;
				INFOPLIST_FILE = MorganaMusicTests/Info.plist;
				IPHONEOS_DEPLOYMENT_TARGET = 11.0;
				LD_RUNPATH_SEARCH_PATHS = "$(inherited) @executable_path/Frameworks @loader_path/Frameworks";
				PRODUCT_BUNDLE_IDENTIFIER = "Vittorio-HungryBit.it.MorganaMusicTests";
				PRODUCT_NAME = "$(TARGET_NAME)";
				SWIFT_INSTALL_OBJC_HEADER = YES;
				SWIFT_OBJC_BRIDGING_HEADER = "/Users/vittorioscocca/Library/Mobile Documents/com~apple~CloudDocs/Xcode/Progetti Personali Xcode/MorganaMusic/MorganaMusic/MorganaMusic-Bridging-Header.h";
				SWIFT_PRECOMPILE_BRIDGING_HEADER = YES;
				SWIFT_VERSION = 4.0;
				TARGETED_DEVICE_FAMILY = "1,2";
				TEST_HOST = "$(BUILT_PRODUCTS_DIR)/MorganaMusic.app/MorganaMusic";
			};
			name = Release;
		};
		2A01EBC51F7C743B00EB49C1 /* Debug */ = {
			isa = XCBuildConfiguration;
			buildSettings = {
				CLANG_CXX_LANGUAGE_STANDARD = "gnu++14";
				CLANG_WARN_UNGUARDED_AVAILABILITY = YES_AGGRESSIVE;
				CODE_SIGN_IDENTITY = "iPhone Developer";
				CODE_SIGN_STYLE = Automatic;
				DEVELOPMENT_TEAM = 42U6W2K3HU;
				GCC_C_LANGUAGE_STANDARD = gnu11;
				INFOPLIST_FILE = MorganaMusicUITests/Info.plist;
				IPHONEOS_DEPLOYMENT_TARGET = 11.0;
				LD_RUNPATH_SEARCH_PATHS = "$(inherited) @executable_path/Frameworks @loader_path/Frameworks";
				PRODUCT_BUNDLE_IDENTIFIER = "Vittorio-HungryBit.it.MorganaMusicUITests";
				PRODUCT_NAME = "$(TARGET_NAME)";
				SWIFT_VERSION = 4.0;
				TARGETED_DEVICE_FAMILY = "1,2";
				TEST_TARGET_NAME = MorganaMusic;
			};
			name = Debug;
		};
		2A01EBC61F7C743B00EB49C1 /* Release */ = {
			isa = XCBuildConfiguration;
			buildSettings = {
				CLANG_CXX_LANGUAGE_STANDARD = "gnu++14";
				CLANG_WARN_UNGUARDED_AVAILABILITY = YES_AGGRESSIVE;
				CODE_SIGN_IDENTITY = "iPhone Developer";
				CODE_SIGN_STYLE = Automatic;
				DEVELOPMENT_TEAM = 42U6W2K3HU;
				GCC_C_LANGUAGE_STANDARD = gnu11;
				INFOPLIST_FILE = MorganaMusicUITests/Info.plist;
				IPHONEOS_DEPLOYMENT_TARGET = 11.0;
				LD_RUNPATH_SEARCH_PATHS = "$(inherited) @executable_path/Frameworks @loader_path/Frameworks";
				PRODUCT_BUNDLE_IDENTIFIER = "Vittorio-HungryBit.it.MorganaMusicUITests";
				PRODUCT_NAME = "$(TARGET_NAME)";
				SWIFT_VERSION = 4.0;
				TARGETED_DEVICE_FAMILY = "1,2";
				TEST_TARGET_NAME = MorganaMusic;
			};
			name = Release;
		};
		2AE35F991E93EF5800DF453F /* Debug */ = {
			isa = XCBuildConfiguration;
			buildSettings = {
				ALWAYS_SEARCH_USER_PATHS = NO;
				CLANG_ANALYZER_NONNULL = YES;
				CLANG_ANALYZER_NUMBER_OBJECT_CONVERSION = YES_AGGRESSIVE;
				CLANG_CXX_LANGUAGE_STANDARD = "gnu++0x";
				CLANG_CXX_LIBRARY = "libc++";
				CLANG_ENABLE_MODULES = YES;
				CLANG_ENABLE_OBJC_ARC = YES;
				CLANG_WARN_BLOCK_CAPTURE_AUTORELEASING = YES;
				CLANG_WARN_BOOL_CONVERSION = YES;
				CLANG_WARN_COMMA = YES;
				CLANG_WARN_CONSTANT_CONVERSION = YES;
				CLANG_WARN_DIRECT_OBJC_ISA_USAGE = YES_ERROR;
				CLANG_WARN_DOCUMENTATION_COMMENTS = YES;
				CLANG_WARN_EMPTY_BODY = YES;
				CLANG_WARN_ENUM_CONVERSION = YES;
				CLANG_WARN_INFINITE_RECURSION = YES;
				CLANG_WARN_INT_CONVERSION = YES;
				CLANG_WARN_NON_LITERAL_NULL_CONVERSION = YES;
				CLANG_WARN_OBJC_LITERAL_CONVERSION = YES;
				CLANG_WARN_OBJC_ROOT_CLASS = YES_ERROR;
				CLANG_WARN_RANGE_LOOP_ANALYSIS = YES;
				CLANG_WARN_STRICT_PROTOTYPES = YES;
				CLANG_WARN_SUSPICIOUS_MOVE = YES;
				CLANG_WARN_UNREACHABLE_CODE = YES;
				CLANG_WARN__DUPLICATE_METHOD_MATCH = YES;
				"CODE_SIGN_IDENTITY[sdk=iphoneos*]" = "iPhone Developer";
				COPY_PHASE_STRIP = NO;
				DEBUG_INFORMATION_FORMAT = dwarf;
				ENABLE_STRICT_OBJC_MSGSEND = YES;
				ENABLE_TESTABILITY = YES;
				GCC_C_LANGUAGE_STANDARD = gnu99;
				GCC_DYNAMIC_NO_PIC = NO;
				GCC_NO_COMMON_BLOCKS = YES;
				GCC_OPTIMIZATION_LEVEL = 0;
				GCC_PREPROCESSOR_DEFINITIONS = (
					"DEBUG=1",
					"$(inherited)",
				);
				GCC_WARN_64_TO_32_BIT_CONVERSION = YES;
				GCC_WARN_ABOUT_RETURN_TYPE = YES_ERROR;
				GCC_WARN_UNDECLARED_SELECTOR = YES;
				GCC_WARN_UNINITIALIZED_AUTOS = YES_AGGRESSIVE;
				GCC_WARN_UNUSED_FUNCTION = YES;
				GCC_WARN_UNUSED_VARIABLE = YES;
				IPHONEOS_DEPLOYMENT_TARGET = 10.3;
				MTL_ENABLE_DEBUG_INFO = YES;
				ONLY_ACTIVE_ARCH = YES;
				SDKROOT = iphoneos;
				SWIFT_ACTIVE_COMPILATION_CONDITIONS = DEBUG;
				SWIFT_OPTIMIZATION_LEVEL = "-Onone";
				SWIFT_SWIFT3_OBJC_INFERENCE = Default;
			};
			name = Debug;
		};
		2AE35F9A1E93EF5800DF453F /* Release */ = {
			isa = XCBuildConfiguration;
			buildSettings = {
				ALWAYS_SEARCH_USER_PATHS = NO;
				CLANG_ANALYZER_NONNULL = YES;
				CLANG_ANALYZER_NUMBER_OBJECT_CONVERSION = YES_AGGRESSIVE;
				CLANG_CXX_LANGUAGE_STANDARD = "gnu++0x";
				CLANG_CXX_LIBRARY = "libc++";
				CLANG_ENABLE_MODULES = YES;
				CLANG_ENABLE_OBJC_ARC = YES;
				CLANG_WARN_BLOCK_CAPTURE_AUTORELEASING = YES;
				CLANG_WARN_BOOL_CONVERSION = YES;
				CLANG_WARN_COMMA = YES;
				CLANG_WARN_CONSTANT_CONVERSION = YES;
				CLANG_WARN_DIRECT_OBJC_ISA_USAGE = YES_ERROR;
				CLANG_WARN_DOCUMENTATION_COMMENTS = YES;
				CLANG_WARN_EMPTY_BODY = YES;
				CLANG_WARN_ENUM_CONVERSION = YES;
				CLANG_WARN_INFINITE_RECURSION = YES;
				CLANG_WARN_INT_CONVERSION = YES;
				CLANG_WARN_NON_LITERAL_NULL_CONVERSION = YES;
				CLANG_WARN_OBJC_LITERAL_CONVERSION = YES;
				CLANG_WARN_OBJC_ROOT_CLASS = YES_ERROR;
				CLANG_WARN_RANGE_LOOP_ANALYSIS = YES;
				CLANG_WARN_STRICT_PROTOTYPES = YES;
				CLANG_WARN_SUSPICIOUS_MOVE = YES;
				CLANG_WARN_UNREACHABLE_CODE = YES;
				CLANG_WARN__DUPLICATE_METHOD_MATCH = YES;
				"CODE_SIGN_IDENTITY[sdk=iphoneos*]" = "iPhone Developer";
				COPY_PHASE_STRIP = NO;
				DEBUG_INFORMATION_FORMAT = "dwarf-with-dsym";
				ENABLE_NS_ASSERTIONS = NO;
				ENABLE_STRICT_OBJC_MSGSEND = YES;
				GCC_C_LANGUAGE_STANDARD = gnu99;
				GCC_NO_COMMON_BLOCKS = YES;
				GCC_WARN_64_TO_32_BIT_CONVERSION = YES;
				GCC_WARN_ABOUT_RETURN_TYPE = YES_ERROR;
				GCC_WARN_UNDECLARED_SELECTOR = YES;
				GCC_WARN_UNINITIALIZED_AUTOS = YES_AGGRESSIVE;
				GCC_WARN_UNUSED_FUNCTION = YES;
				GCC_WARN_UNUSED_VARIABLE = YES;
				IPHONEOS_DEPLOYMENT_TARGET = 10.3;
				MTL_ENABLE_DEBUG_INFO = NO;
				SDKROOT = iphoneos;
				SWIFT_OPTIMIZATION_LEVEL = "-Owholemodule";
				SWIFT_SWIFT3_OBJC_INFERENCE = Default;
				VALIDATE_PRODUCT = YES;
			};
			name = Release;
		};
		2AE35F9C1E93EF5800DF453F /* Debug */ = {
			isa = XCBuildConfiguration;
			baseConfigurationReference = 1BC7A9689B1B1B6ECD22366D /* Pods-MorganaMusic.debug.xcconfig */;
			buildSettings = {
				ALWAYS_EMBED_SWIFT_STANDARD_LIBRARIES = YES;
				ASSETCATALOG_COMPILER_APPICON_NAME = AppIcon;
				CLANG_ENABLE_MODULES = YES;
				CODE_SIGN_ENTITLEMENTS = MorganaMusic/MorganaMusic.entitlements;
				"CODE_SIGN_IDENTITY[sdk=iphoneos*]" = "iPhone Developer";
				DEVELOPMENT_TEAM = FP3LS7BNMG;
				FRAMEWORK_SEARCH_PATHS = (
					"$(inherited)",
					"$(PROJECT_DIR)/MorganaMusic",
				);
				INFOPLIST_FILE = MorganaMusic/Info.plist;
				IPHONEOS_DEPLOYMENT_TARGET = 10.0;
				LD_RUNPATH_SEARCH_PATHS = "$(inherited) @executable_path/Frameworks";
				PRODUCT_BUNDLE_IDENTIFIER = com.vittorioscoccs.MorganaMusic;
				PRODUCT_NAME = "$(TARGET_NAME)";
				PROVISIONING_PROFILE_SPECIFIER = "";
				SWIFT_OBJC_BRIDGING_HEADER = "/Users/vittorioscocca/Library/Mobile Documents/com~apple~CloudDocs/Xcode/Progetti Personali Xcode/MorganaMusic/MorganaMusic/MorganaMusic-Bridging-Header.h";
				SWIFT_OPTIMIZATION_LEVEL = "-Onone";
				SWIFT_SWIFT3_OBJC_INFERENCE = Default;
				SWIFT_VERSION = 4.0;
				TARGETED_DEVICE_FAMILY = 1;
			};
			name = Debug;
		};
		2AE35F9D1E93EF5800DF453F /* Release */ = {
			isa = XCBuildConfiguration;
			baseConfigurationReference = A55BBBAB2199BAA021B9C7F8 /* Pods-MorganaMusic.release.xcconfig */;
			buildSettings = {
				ALWAYS_EMBED_SWIFT_STANDARD_LIBRARIES = YES;
				ASSETCATALOG_COMPILER_APPICON_NAME = AppIcon;
				CLANG_ENABLE_MODULES = YES;
				CODE_SIGN_ENTITLEMENTS = MorganaMusic/MorganaMusic.entitlements;
				"CODE_SIGN_IDENTITY[sdk=iphoneos*]" = "iPhone Developer";
				DEVELOPMENT_TEAM = FP3LS7BNMG;
				FRAMEWORK_SEARCH_PATHS = (
					"$(inherited)",
					"$(PROJECT_DIR)/MorganaMusic",
				);
				INFOPLIST_FILE = MorganaMusic/Info.plist;
				IPHONEOS_DEPLOYMENT_TARGET = 10.0;
				LD_RUNPATH_SEARCH_PATHS = "$(inherited) @executable_path/Frameworks";
				PRODUCT_BUNDLE_IDENTIFIER = com.vittorioscoccs.MorganaMusic;
				PRODUCT_NAME = "$(TARGET_NAME)";
				PROVISIONING_PROFILE_SPECIFIER = "";
				SWIFT_OBJC_BRIDGING_HEADER = "/Users/vittorioscocca/Library/Mobile Documents/com~apple~CloudDocs/Xcode/Progetti Personali Xcode/MorganaMusic/MorganaMusic/MorganaMusic-Bridging-Header.h";
				SWIFT_SWIFT3_OBJC_INFERENCE = Default;
				SWIFT_VERSION = 4.0;
				TARGETED_DEVICE_FAMILY = 1;
			};
			name = Release;
		};
/* End XCBuildConfiguration section */

/* Begin XCConfigurationList section */
		2A01EBB81F7C741400EB49C1 /* Build configuration list for PBXNativeTarget "MorganaMusicTests" */ = {
			isa = XCConfigurationList;
			buildConfigurations = (
				2A01EBB61F7C741400EB49C1 /* Debug */,
				2A01EBB71F7C741400EB49C1 /* Release */,
			);
			defaultConfigurationIsVisible = 0;
			defaultConfigurationName = Release;
		};
		2A01EBC41F7C743B00EB49C1 /* Build configuration list for PBXNativeTarget "MorganaMusicUITests" */ = {
			isa = XCConfigurationList;
			buildConfigurations = (
				2A01EBC51F7C743B00EB49C1 /* Debug */,
				2A01EBC61F7C743B00EB49C1 /* Release */,
			);
			defaultConfigurationIsVisible = 0;
			defaultConfigurationName = Release;
		};
		2AE35F811E93EF5800DF453F /* Build configuration list for PBXProject "MorganaMusic" */ = {
			isa = XCConfigurationList;
			buildConfigurations = (
				2AE35F991E93EF5800DF453F /* Debug */,
				2AE35F9A1E93EF5800DF453F /* Release */,
			);
			defaultConfigurationIsVisible = 0;
			defaultConfigurationName = Release;
		};
		2AE35F9B1E93EF5800DF453F /* Build configuration list for PBXNativeTarget "MorganaMusic" */ = {
			isa = XCConfigurationList;
			buildConfigurations = (
				2AE35F9C1E93EF5800DF453F /* Debug */,
				2AE35F9D1E93EF5800DF453F /* Release */,
			);
			defaultConfigurationIsVisible = 0;
			defaultConfigurationName = Release;
		};
/* End XCConfigurationList section */

/* Begin XCVersionGroup section */
		2AE35F901E93EF5800DF453F /* MorganaMusic.xcdatamodeld */ = {
			isa = XCVersionGroup;
			children = (
				2AE35F911E93EF5800DF453F /* MorganaMusic.xcdatamodel */,
			);
			currentVersion = 2AE35F911E93EF5800DF453F /* MorganaMusic.xcdatamodel */;
			path = MorganaMusic.xcdatamodeld;
			sourceTree = "<group>";
			versionGroupType = wrapper.xcdatamodel;
		};
/* End XCVersionGroup section */
	};
	rootObject = 2AE35F7E1E93EF5800DF453F /* Project object */;
}
